
Microsoft Visual Studio Solution File, Format Version 12.00
# Visual Studio 15
Project("{8BC9CEB8-8B4A-11D0-8D11-00A0C91BC942}") = "complex_client", "complex_client.vcxproj", "{DBF1B178-C7BF-A57E-B053-16A59CC081E3}"
EndProject
Project("{8BC9CEB8-8B4A-11D0-8D11-00A0C91BC942}") = "complex_server", "complex_server.vcxproj", "{F3068B9D-DFD4-7EA3-C868-EFC9B4D55A08}"
EndProject
Project("{8BC9CEB8-8B4A-11D0-8D11-00A0C91BC942}") = "next", "next.vcxproj", "{C41E9B7C-B055-9C0D-5942-82104558180F}"
EndProject
Project("{8BC9CEB8-8B4A-11D0-8D11-00A0C91BC942}") = "simple_client", "simple_client.vcxproj", "{8D23B88F-F9E3-33C6-C21E-7D432E9E78A2}"
EndProject
Project("{8BC9CEB8-8B4A-11D0-8D11-00A0C91BC942}") = "simple_server", "simple_server.vcxproj", "{A53891B4-11F9-0CEB-DA33-566846B351C7}"
EndProject
Project("{8BC9CEB8-8B4A-11D0-8D11-00A0C91BC942}") = "soak", "soak.vcxproj", "{33049E7C-1F3B-9F0D-C827-8510B43D1B0F}"
EndProject
Project("{8BC9CEB8-8B4A-11D0-8D11-00A0C91BC942}") = "sodium", "sodium.vcxproj", "{1689311C-022B-5CF2-EBE5-6F46D726E342}"
EndProject
Project("{8BC9CEB8-8B4A-11D0-8D11-00A0C91BC942}") = "test", "test.vcxproj", "{65689E7C-519F-9F0D-FA8B-8510E6A11B0F}"
EndProject
Project("{8BC9CEB8-8B4A-11D0-8D11-00A0C91BC942}") = "upgraded_client", "upgraded_client.vcxproj", "{4FFE39BB-BB89-A77F-C49A-2A7430A50380}"
EndProject
Project("{8BC9CEB8-8B4A-11D0-8D11-00A0C91BC942}") = "upgraded_server", "upgraded_server.vcxproj", "{671313E0-D39E-80A4-DCAF-039948BADCA4}"
EndProject
Global
	GlobalSection(SolutionConfigurationPlatforms) = preSolution
		Debug|avx = Debug|avx
		Debug|avx2 = Debug|avx2
		Debug|portable = Debug|portable
		Debug|Win32 = Debug|Win32
		Debug|x64 = Debug|x64
		Release|avx = Release|avx
		Release|avx2 = Release|avx2
		Release|portable = Release|portable
		Release|Win32 = Release|Win32
		Release|x64 = Release|x64
	EndGlobalSection
	GlobalSection(ProjectConfigurationPlatforms) = postSolution
		{DBF1B178-C7BF-A57E-B053-16A59CC081E3}.Debug|avx.ActiveCfg = Debug avx|x64
		{DBF1B178-C7BF-A57E-B053-16A59CC081E3}.Debug|avx.Build.0 = Debug avx|x64
		{DBF1B178-C7BF-A57E-B053-16A59CC081E3}.Debug|avx2.ActiveCfg = Debug avx2|x64
		{DBF1B178-C7BF-A57E-B053-16A59CC081E3}.Debug|avx2.Build.0 = Debug avx2|x64
		{DBF1B178-C7BF-A57E-B053-16A59CC081E3}.Debug|portable.ActiveCfg = Debug portable|Win32
		{DBF1B178-C7BF-A57E-B053-16A59CC081E3}.Debug|portable.Build.0 = Debug portable|Win32
		{DBF1B178-C7BF-A57E-B053-16A59CC081E3}.Debug|Win32.ActiveCfg = Debug|Win32
		{DBF1B178-C7BF-A57E-B053-16A59CC081E3}.Debug|Win32.Build.0 = Debug|Win32
		{DBF1B178-C7BF-A57E-B053-16A59CC081E3}.Debug|x64.ActiveCfg = Debug|x64
		{DBF1B178-C7BF-A57E-B053-16A59CC081E3}.Debug|x64.Build.0 = Debug|x64
		{DBF1B178-C7BF-A57E-B053-16A59CC081E3}.Release|avx.ActiveCfg = Release avx|x64
		{DBF1B178-C7BF-A57E-B053-16A59CC081E3}.Release|avx.Build.0 = Release avx|x64
		{DBF1B178-C7BF-A57E-B053-16A59CC081E3}.Release|avx2.ActiveCfg = Release avx2|x64
		{DBF1B178-C7BF-A57E-B053-16A59CC081E3}.Release|avx2.Build.0 = Release avx2|x64
		{DBF1B178-C7BF-A57E-B053-16A59CC081E3}.Release|portable.ActiveCfg = Release portable|Win32
		{DBF1B178-C7BF-A57E-B053-16A59CC081E3}.Release|portable.Build.0 = Release portable|Win32
		{DBF1B178-C7BF-A57E-B053-16A59CC081E3}.Release|Win32.ActiveCfg = Release|Win32
		{DBF1B178-C7BF-A57E-B053-16A59CC081E3}.Release|Win32.Build.0 = Release|Win32
		{DBF1B178-C7BF-A57E-B053-16A59CC081E3}.Release|x64.ActiveCfg = Release|x64
		{DBF1B178-C7BF-A57E-B053-16A59CC081E3}.Release|x64.Build.0 = Release|x64
		{F3068B9D-DFD4-7EA3-C868-EFC9B4D55A08}.Debug|avx.ActiveCfg = Debug avx|x64
		{F3068B9D-DFD4-7EA3-C868-EFC9B4D55A08}.Debug|avx.Build.0 = Debug avx|x64
		{F3068B9D-DFD4-7EA3-C868-EFC9B4D55A08}.Debug|avx2.ActiveCfg = Debug avx2|x64
		{F3068B9D-DFD4-7EA3-C868-EFC9B4D55A08}.Debug|avx2.Build.0 = Debug avx2|x64
		{F3068B9D-DFD4-7EA3-C868-EFC9B4D55A08}.Debug|portable.ActiveCfg = Debug portable|Win32
		{F3068B9D-DFD4-7EA3-C868-EFC9B4D55A08}.Debug|portable.Build.0 = Debug portable|Win32
		{F3068B9D-DFD4-7EA3-C868-EFC9B4D55A08}.Debug|Win32.ActiveCfg = Debug|Win32
		{F3068B9D-DFD4-7EA3-C868-EFC9B4D55A08}.Debug|Win32.Build.0 = Debug|Win32
		{F3068B9D-DFD4-7EA3-C868-EFC9B4D55A08}.Debug|x64.ActiveCfg = Debug|x64
		{F3068B9D-DFD4-7EA3-C868-EFC9B4D55A08}.Debug|x64.Build.0 = Debug|x64
		{F3068B9D-DFD4-7EA3-C868-EFC9B4D55A08}.Release|avx.ActiveCfg = Release avx|x64
		{F3068B9D-DFD4-7EA3-C868-EFC9B4D55A08}.Release|avx.Build.0 = Release avx|x64
		{F3068B9D-DFD4-7EA3-C868-EFC9B4D55A08}.Release|avx2.ActiveCfg = Release avx2|x64
		{F3068B9D-DFD4-7EA3-C868-EFC9B4D55A08}.Release|avx2.Build.0 = Release avx2|x64
		{F3068B9D-DFD4-7EA3-C868-EFC9B4D55A08}.Release|portable.ActiveCfg = Release portable|Win32
		{F3068B9D-DFD4-7EA3-C868-EFC9B4D55A08}.Release|portable.Build.0 = Release portable|Win32
		{F3068B9D-DFD4-7EA3-C868-EFC9B4D55A08}.Release|Win32.ActiveCfg = Release|Win32
		{F3068B9D-DFD4-7EA3-C868-EFC9B4D55A08}.Release|Win32.Build.0 = Release|Win32
		{F3068B9D-DFD4-7EA3-C868-EFC9B4D55A08}.Release|x64.ActiveCfg = Release|x64
		{F3068B9D-DFD4-7EA3-C868-EFC9B4D55A08}.Release|x64.Build.0 = Release|x64
		{C41E9B7C-B055-9C0D-5942-82104558180F}.Debug|avx.ActiveCfg = Debug avx|x64
		{C41E9B7C-B055-9C0D-5942-82104558180F}.Debug|avx.Build.0 = Debug avx|x64
		{C41E9B7C-B055-9C0D-5942-82104558180F}.Debug|avx2.ActiveCfg = Debug avx2|x64
		{C41E9B7C-B055-9C0D-5942-82104558180F}.Debug|avx2.Build.0 = Debug avx2|x64
		{C41E9B7C-B055-9C0D-5942-82104558180F}.Debug|portable.ActiveCfg = Debug portable|Win32
		{C41E9B7C-B055-9C0D-5942-82104558180F}.Debug|portable.Build.0 = Debug portable|Win32
		{C41E9B7C-B055-9C0D-5942-82104558180F}.Debug|Win32.ActiveCfg = Debug|Win32
		{C41E9B7C-B055-9C0D-5942-82104558180F}.Debug|Win32.Build.0 = Debug|Win32
		{C41E9B7C-B055-9C0D-5942-82104558180F}.Debug|x64.ActiveCfg = Debug|x64
		{C41E9B7C-B055-9C0D-5942-82104558180F}.Debug|x64.Build.0 = Debug|x64
		{C41E9B7C-B055-9C0D-5942-82104558180F}.Release|avx.ActiveCfg = Release avx|x64
		{C41E9B7C-B055-9C0D-5942-82104558180F}.Release|avx.Build.0 = Release avx|x64
		{C41E9B7C-B055-9C0D-5942-82104558180F}.Release|avx2.ActiveCfg = Release avx2|x64
		{C41E9B7C-B055-9C0D-5942-82104558180F}.Release|avx2.Build.0 = Release avx2|x64
		{C41E9B7C-B055-9C0D-5942-82104558180F}.Release|portable.ActiveCfg = Release portable|Win32
		{C41E9B7C-B055-9C0D-5942-82104558180F}.Release|portable.Build.0 = Release portable|Win32
		{C41E9B7C-B055-9C0D-5942-82104558180F}.Release|Win32.ActiveCfg = Release|Win32
		{C41E9B7C-B055-9C0D-5942-82104558180F}.Release|Win32.Build.0 = Release|Win32
		{C41E9B7C-B055-9C0D-5942-82104558180F}.Release|x64.ActiveCfg = Release|x64
		{C41E9B7C-B055-9C0D-5942-82104558180F}.Release|x64.Build.0 = Release|x64
		{8D23B88F-F9E3-33C6-C21E-7D432E9E78A2}.Debug|avx.ActiveCfg = Debug avx|x64
		{8D23B88F-F9E3-33C6-C21E-7D432E9E78A2}.Debug|avx.Build.0 = Debug avx|x64
		{8D23B88F-F9E3-33C6-C21E-7D432E9E78A2}.Debug|avx2.ActiveCfg = Debug avx2|x64
		{8D23B88F-F9E3-33C6-C21E-7D432E9E78A2}.Debug|avx2.Build.0 = Debug avx2|x64
		{8D23B88F-F9E3-33C6-C21E-7D432E9E78A2}.Debug|portable.ActiveCfg = Debug portable|Win32
		{8D23B88F-F9E3-33C6-C21E-7D432E9E78A2}.Debug|portable.Build.0 = Debug portable|Win32
		{8D23B88F-F9E3-33C6-C21E-7D432E9E78A2}.Debug|Win32.ActiveCfg = Debug|Win32
		{8D23B88F-F9E3-33C6-C21E-7D432E9E78A2}.Debug|Win32.Build.0 = Debug|Win32
		{8D23B88F-F9E3-33C6-C21E-7D432E9E78A2}.Debug|x64.ActiveCfg = Debug|x64
		{8D23B88F-F9E3-33C6-C21E-7D432E9E78A2}.Debug|x64.Build.0 = Debug|x64
		{8D23B88F-F9E3-33C6-C21E-7D432E9E78A2}.Release|avx.ActiveCfg = Release avx|x64
		{8D23B88F-F9E3-33C6-C21E-7D432E9E78A2}.Release|avx.Build.0 = Release avx|x64
		{8D23B88F-F9E3-33C6-C21E-7D432E9E78A2}.Release|avx2.ActiveCfg = Release avx2|x64
		{8D23B88F-F9E3-33C6-C21E-7D432E9E78A2}.Release|avx2.Build.0 = Release avx2|x64
		{8D23B88F-F9E3-33C6-C21E-7D432E9E78A2}.Release|portable.ActiveCfg = Release portable|Win32
		{8D23B88F-F9E3-33C6-C21E-7D432E9E78A2}.Release|portable.Build.0 = Release portable|Win32
		{8D23B88F-F9E3-33C6-C21E-7D432E9E78A2}.Release|Win32.ActiveCfg = Release|Win32
		{8D23B88F-F9E3-33C6-C21E-7D432E9E78A2}.Release|Win32.Build.0 = Release|Win32
		{8D23B88F-F9E3-33C6-C21E-7D432E9E78A2}.Release|x64.ActiveCfg = Release|x64
		{8D23B88F-F9E3-33C6-C21E-7D432E9E78A2}.Release|x64.Build.0 = Release|x64
		{A53891B4-11F9-0CEB-DA33-566846B351C7}.Debug|avx.ActiveCfg = Debug avx|x64
		{A53891B4-11F9-0CEB-DA33-566846B351C7}.Debug|avx.Build.0 = Debug avx|x64
		{A53891B4-11F9-0CEB-DA33-566846B351C7}.Debug|avx2.ActiveCfg = Debug avx2|x64
		{A53891B4-11F9-0CEB-DA33-566846B351C7}.Debug|avx2.Build.0 = Debug avx2|x64
		{A53891B4-11F9-0CEB-DA33-566846B351C7}.Debug|portable.ActiveCfg = Debug portable|Win32
		{A53891B4-11F9-0CEB-DA33-566846B351C7}.Debug|portable.Build.0 = Debug portable|Win32
		{A53891B4-11F9-0CEB-DA33-566846B351C7}.Debug|Win32.ActiveCfg = Debug|Win32
		{A53891B4-11F9-0CEB-DA33-566846B351C7}.Debug|Win32.Build.0 = Debug|Win32
		{A53891B4-11F9-0CEB-DA33-566846B351C7}.Debug|x64.ActiveCfg = Debug|x64
		{A53891B4-11F9-0CEB-DA33-566846B351C7}.Debug|x64.Build.0 = Debug|x64
		{A53891B4-11F9-0CEB-DA33-566846B351C7}.Release|avx.ActiveCfg = Release avx|x64
		{A53891B4-11F9-0CEB-DA33-566846B351C7}.Release|avx.Build.0 = Release avx|x64
		{A53891B4-11F9-0CEB-DA33-566846B351C7}.Release|avx2.ActiveCfg = Release avx2|x64
		{A53891B4-11F9-0CEB-DA33-566846B351C7}.Release|avx2.Build.0 = Release avx2|x64
		{A53891B4-11F9-0CEB-DA33-566846B351C7}.Release|portable.ActiveCfg = Release portable|Win32
		{A53891B4-11F9-0CEB-DA33-566846B351C7}.Release|portable.Build.0 = Release portable|Win32
		{A53891B4-11F9-0CEB-DA33-566846B351C7}.Release|Win32.ActiveCfg = Release|Win32
		{A53891B4-11F9-0CEB-DA33-566846B351C7}.Release|Win32.Build.0 = Release|Win32
		{A53891B4-11F9-0CEB-DA33-566846B351C7}.Release|x64.ActiveCfg = Release|x64
		{A53891B4-11F9-0CEB-DA33-566846B351C7}.Release|x64.Build.0 = Release|x64
		{33049E7C-1F3B-9F0D-C827-8510B43D1B0F}.Debug|avx.ActiveCfg = Debug avx|x64
		{33049E7C-1F3B-9F0D-C827-8510B43D1B0F}.Debug|avx.Build.0 = Debug avx|x64
		{33049E7C-1F3B-9F0D-C827-8510B43D1B0F}.Debug|avx2.ActiveCfg = Debug avx2|x64
		{33049E7C-1F3B-9F0D-C827-8510B43D1B0F}.Debug|avx2.Build.0 = Debug avx2|x64
		{33049E7C-1F3B-9F0D-C827-8510B43D1B0F}.Debug|portable.ActiveCfg = Debug portable|Win32
		{33049E7C-1F3B-9F0D-C827-8510B43D1B0F}.Debug|portable.Build.0 = Debug portable|Win32
		{33049E7C-1F3B-9F0D-C827-8510B43D1B0F}.Debug|Win32.ActiveCfg = Debug|Win32
		{33049E7C-1F3B-9F0D-C827-8510B43D1B0F}.Debug|Win32.Build.0 = Debug|Win32
		{33049E7C-1F3B-9F0D-C827-8510B43D1B0F}.Debug|x64.ActiveCfg = Debug|x64
		{33049E7C-1F3B-9F0D-C827-8510B43D1B0F}.Debug|x64.Build.0 = Debug|x64
		{33049E7C-1F3B-9F0D-C827-8510B43D1B0F}.Release|avx.ActiveCfg = Release avx|x64
		{33049E7C-1F3B-9F0D-C827-8510B43D1B0F}.Release|avx.Build.0 = Release avx|x64
		{33049E7C-1F3B-9F0D-C827-8510B43D1B0F}.Release|avx2.ActiveCfg = Release avx2|x64
		{33049E7C-1F3B-9F0D-C827-8510B43D1B0F}.Release|avx2.Build.0 = Release avx2|x64
		{33049E7C-1F3B-9F0D-C827-8510B43D1B0F}.Release|portable.ActiveCfg = Release portable|Win32
		{33049E7C-1F3B-9F0D-C827-8510B43D1B0F}.Release|portable.Build.0 = Release portable|Win32
		{33049E7C-1F3B-9F0D-C827-8510B43D1B0F}.Release|Win32.ActiveCfg = Release|Win32
		{33049E7C-1F3B-9F0D-C827-8510B43D1B0F}.Release|Win32.Build.0 = Release|Win32
		{33049E7C-1F3B-9F0D-C827-8510B43D1B0F}.Release|x64.ActiveCfg = Release|x64
		{33049E7C-1F3B-9F0D-C827-8510B43D1B0F}.Release|x64.Build.0 = Release|x64
		{1689311C-022B-5CF2-EBE5-6F46D726E342}.Debug|avx.ActiveCfg = Debug avx|x64
		{1689311C-022B-5CF2-EBE5-6F46D726E342}.Debug|avx.Build.0 = Debug avx|x64
		{1689311C-022B-5CF2-EBE5-6F46D726E342}.Debug|avx2.ActiveCfg = Debug avx2|x64
		{1689311C-022B-5CF2-EBE5-6F46D726E342}.Debug|avx2.Build.0 = Debug avx2|x64
		{1689311C-022B-5CF2-EBE5-6F46D726E342}.Debug|portable.ActiveCfg = Debug portable|Win32
		{1689311C-022B-5CF2-EBE5-6F46D726E342}.Debug|portable.Build.0 = Debug portable|Win32
		{1689311C-022B-5CF2-EBE5-6F46D726E342}.Debug|Win32.ActiveCfg = Debug|Win32
		{1689311C-022B-5CF2-EBE5-6F46D726E342}.Debug|Win32.Build.0 = Debug|Win32
		{1689311C-022B-5CF2-EBE5-6F46D726E342}.Debug|x64.ActiveCfg = Debug|x64
		{1689311C-022B-5CF2-EBE5-6F46D726E342}.Debug|x64.Build.0 = Debug|x64
		{1689311C-022B-5CF2-EBE5-6F46D726E342}.Release|avx.ActiveCfg = Release avx|x64
		{1689311C-022B-5CF2-EBE5-6F46D726E342}.Release|avx.Build.0 = Release avx|x64
		{1689311C-022B-5CF2-EBE5-6F46D726E342}.Release|avx2.ActiveCfg = Release avx2|x64
		{1689311C-022B-5CF2-EBE5-6F46D726E342}.Release|avx2.Build.0 = Release avx2|x64
		{1689311C-022B-5CF2-EBE5-6F46D726E342}.Release|portable.ActiveCfg = Release portable|Win32
		{1689311C-022B-5CF2-EBE5-6F46D726E342}.Release|portable.Build.0 = Release portable|Win32
		{1689311C-022B-5CF2-EBE5-6F46D726E342}.Release|Win32.ActiveCfg = Release|Win32
		{1689311C-022B-5CF2-EBE5-6F46D726E342}.Release|Win32.Build.0 = Release|Win32
		{1689311C-022B-5CF2-EBE5-6F46D726E342}.Release|x64.ActiveCfg = Release|x64
		{1689311C-022B-5CF2-EBE5-6F46D726E342}.Release|x64.Build.0 = Release|x64
		{65689E7C-519F-9F0D-FA8B-8510E6A11B0F}.Debug|avx.ActiveCfg = Debug avx|x64
		{65689E7C-519F-9F0D-FA8B-8510E6A11B0F}.Debug|avx.Build.0 = Debug avx|x64
		{65689E7C-519F-9F0D-FA8B-8510E6A11B0F}.Debug|avx2.ActiveCfg = Debug avx2|x64
		{65689E7C-519F-9F0D-FA8B-8510E6A11B0F}.Debug|avx2.Build.0 = Debug avx2|x64
		{65689E7C-519F-9F0D-FA8B-8510E6A11B0F}.Debug|portable.ActiveCfg = Debug portable|Win32
		{65689E7C-519F-9F0D-FA8B-8510E6A11B0F}.Debug|portable.Build.0 = Debug portable|Win32
		{65689E7C-519F-9F0D-FA8B-8510E6A11B0F}.Debug|Win32.ActiveCfg = Debug|Win32
		{65689E7C-519F-9F0D-FA8B-8510E6A11B0F}.Debug|Win32.Build.0 = Debug|Win32
		{65689E7C-519F-9F0D-FA8B-8510E6A11B0F}.Debug|x64.ActiveCfg = Debug|x64
		{65689E7C-519F-9F0D-FA8B-8510E6A11B0F}.Debug|x64.Build.0 = Debug|x64
		{65689E7C-519F-9F0D-FA8B-8510E6A11B0F}.Release|avx.ActiveCfg = Release avx|x64
		{65689E7C-519F-9F0D-FA8B-8510E6A11B0F}.Release|avx.Build.0 = Release avx|x64
		{65689E7C-519F-9F0D-FA8B-8510E6A11B0F}.Release|avx2.ActiveCfg = Release avx2|x64
		{65689E7C-519F-9F0D-FA8B-8510E6A11B0F}.Release|avx2.Build.0 = Release avx2|x64
		{65689E7C-519F-9F0D-FA8B-8510E6A11B0F}.Release|portable.ActiveCfg = Release portable|Win32
		{65689E7C-519F-9F0D-FA8B-8510E6A11B0F}.Release|portable.Build.0 = Release portable|Win32
		{65689E7C-519F-9F0D-FA8B-8510E6A11B0F}.Release|Win32.ActiveCfg = Release|Win32
		{65689E7C-519F-9F0D-FA8B-8510E6A11B0F}.Release|Win32.Build.0 = Release|Win32
		{65689E7C-519F-9F0D-FA8B-8510E6A11B0F}.Release|x64.ActiveCfg = Release|x64
		{65689E7C-519F-9F0D-FA8B-8510E6A11B0F}.Release|x64.Build.0 = Release|x64
		{4FFE39BB-BB89-A77F-C49A-2A7430A50380}.Debug|avx.ActiveCfg = Debug avx|x64
		{4FFE39BB-BB89-A77F-C49A-2A7430A50380}.Debug|avx.Build.0 = Debug avx|x64
		{4FFE39BB-BB89-A77F-C49A-2A7430A50380}.Debug|avx2.ActiveCfg = Debug avx2|x64
		{4FFE39BB-BB89-A77F-C49A-2A7430A50380}.Debug|avx2.Build.0 = Debug avx2|x64
		{4FFE39BB-BB89-A77F-C49A-2A7430A50380}.Debug|portable.ActiveCfg = Debug portable|Win32
		{4FFE39BB-BB89-A77F-C49A-2A7430A50380}.Debug|portable.Build.0 = Debug portable|Win32
		{4FFE39BB-BB89-A77F-C49A-2A7430A50380}.Debug|Win32.ActiveCfg = Debug|Win32
		{4FFE39BB-BB89-A77F-C49A-2A7430A50380}.Debug|Win32.Build.0 = Debug|Win32
		{4FFE39BB-BB89-A77F-C49A-2A7430A50380}.Debug|x64.ActiveCfg = Debug|x64
		{4FFE39BB-BB89-A77F-C49A-2A7430A50380}.Debug|x64.Build.0 = Debug|x64
		{4FFE39BB-BB89-A77F-C49A-2A7430A50380}.Release|avx.ActiveCfg = Release avx|x64
		{4FFE39BB-BB89-A77F-C49A-2A7430A50380}.Release|avx.Build.0 = Release avx|x64
		{4FFE39BB-BB89-A77F-C49A-2A7430A50380}.Release|avx2.ActiveCfg = Release avx2|x64
		{4FFE39BB-BB89-A77F-C49A-2A7430A50380}.Release|avx2.Build.0 = Release avx2|x64
		{4FFE39BB-BB89-A77F-C49A-2A7430A50380}.Release|portable.ActiveCfg = Release portable|Win32
		{4FFE39BB-BB89-A77F-C49A-2A7430A50380}.Release|portable.Build.0 = Release portable|Win32
		{4FFE39BB-BB89-A77F-C49A-2A7430A50380}.Release|Win32.ActiveCfg = Release|Win32
		{4FFE39BB-BB89-A77F-C49A-2A7430A50380}.Release|Win32.Build.0 = Release|Win32
		{4FFE39BB-BB89-A77F-C49A-2A7430A50380}.Release|x64.ActiveCfg = Release|x64
		{4FFE39BB-BB89-A77F-C49A-2A7430A50380}.Release|x64.Build.0 = Release|x64
		{671313E0-D39E-80A4-DCAF-039948BADCA4}.Debug|avx.ActiveCfg = Debug avx|x64
		{671313E0-D39E-80A4-DCAF-039948BADCA4}.Debug|avx.Build.0 = Debug avx|x64
		{671313E0-D39E-80A4-DCAF-039948BADCA4}.Debug|avx2.ActiveCfg = Debug avx2|x64
		{671313E0-D39E-80A4-DCAF-039948BADCA4}.Debug|avx2.Build.0 = Debug avx2|x64
		{671313E0-D39E-80A4-DCAF-039948BADCA4}.Debug|portable.ActiveCfg = Debug portable|Win32
		{671313E0-D39E-80A4-DCAF-039948BADCA4}.Debug|portable.Build.0 = Debug portable|Win32
		{671313E0-D39E-80A4-DCAF-039948BADCA4}.Debug|Win32.ActiveCfg = Debug|Win32
		{671313E0-D39E-80A4-DCAF-039948BADCA4}.Debug|Win32.Build.0 = Debug|Win32
		{671313E0-D39E-80A4-DCAF-039948BADCA4}.Debug|x64.ActiveCfg = Debug|x64
		{671313E0-D39E-80A4-DCAF-039948BADCA4}.Debug|x64.Build.0 = Debug|x64
		{671313E0-D39E-80A4-DCAF-039948BADCA4}.Release|avx.ActiveCfg = Release avx|x64
		{671313E0-D39E-80A4-DCAF-039948BADCA4}.Release|avx.Build.0 = Release avx|x64
		{671313E0-D39E-80A4-DCAF-039948BADCA4}.Release|avx2.ActiveCfg = Release avx2|x64
		{671313E0-D39E-80A4-DCAF-039948BADCA4}.Release|avx2.Build.0 = Release avx2|x64
		{671313E0-D39E-80A4-DCAF-039948BADCA4}.Release|portable.ActiveCfg = Release portable|Win32
		{671313E0-D39E-80A4-DCAF-039948BADCA4}.Release|portable.Build.0 = Release portable|Win32
		{671313E0-D39E-80A4-DCAF-039948BADCA4}.Release|Win32.ActiveCfg = Release|Win32
		{671313E0-D39E-80A4-DCAF-039948BADCA4}.Release|Win32.Build.0 = Release|Win32
		{671313E0-D39E-80A4-DCAF-039948BADCA4}.Release|x64.ActiveCfg = Release|x64
		{671313E0-D39E-80A4-DCAF-039948BADCA4}.Release|x64.Build.0 = Release|x64
	EndGlobalSection
	GlobalSection(SolutionProperties) = preSolution
		HideSolutionNode = FALSE
	EndGlobalSection
EndGlobal
