{
  "version": 4,
  "terraform_version": "1.3.9",
  "serial": 399,
  "lineage": "325c5ac0-1bca-0fce-6e2f-bf411c5d6be6",
  "outputs": {},
  "resources": [
    {
      "mode": "managed",
      "type": "google_compute_firewall",
      "name": "development",
      "provider": "provider[\"registry.terraform.io/hashicorp/google-beta\"]",
      "instances": [
        {
          "schema_version": 1,
          "attributes": {
            "allow": [
              {
                "ports": [
                  "22",
                  "80"
                ],
                "protocol": "tcp"
              }
            ],
            "creation_timestamp": "2023-03-02T15:38:25.356-08:00",
            "deny": [],
            "description": "",
            "destination_ranges": [],
            "direction": "INGRESS",
            "disabled": false,
            "enable_logging": null,
            "id": "projects/heroic-grove-379322/global/firewalls/development",
            "log_config": [],
            "name": "development",
            "network": "https://www.googleapis.com/compute/v1/projects/heroic-grove-379322/global/networks/development",
            "priority": 1000,
            "project": "heroic-grove-379322",
            "self_link": "https://www.googleapis.com/compute/v1/projects/heroic-grove-379322/global/firewalls/development",
            "source_ranges": [
              "130.211.0.0/22",
              "35.191.0.0/16",
              "35.235.240.0/20"
            ],
            "source_service_accounts": [],
            "source_tags": [],
            "target_service_accounts": [],
            "target_tags": [],
            "timeouts": null
          },
          "sensitive_attributes": [],
          "private": "eyJlMmJmYjczMC1lY2FhLTExZTYtOGY4OC0zNDM2M2JjN2M0YzAiOnsiY3JlYXRlIjoxMjAwMDAwMDAwMDAwLCJkZWxldGUiOjEyMDAwMDAwMDAwMDAsInVwZGF0ZSI6MTIwMDAwMDAwMDAwMH0sInNjaGVtYV92ZXJzaW9uIjoiMSJ9",
          "dependencies": [
            "google_compute_network.development"
          ]
        }
      ]
    },
    {
      "mode": "managed",
      "type": "google_compute_firewall",
      "name": "magic-backend",
      "provider": "provider[\"registry.terraform.io/hashicorp/google-beta\"]",
      "instances": [
        {
          "schema_version": 1,
          "attributes": {
            "allow": [
              {
                "ports": [
                  "80",
                  "443",
                  "8080"
                ],
                "protocol": "tcp"
              }
            ],
            "creation_timestamp": "2023-03-02T15:38:25.391-08:00",
            "deny": [],
            "description": "",
            "destination_ranges": [],
            "direction": "INGRESS",
            "disabled": false,
            "enable_logging": null,
            "id": "projects/heroic-grove-379322/global/firewalls/magic-backend",
            "log_config": [],
            "name": "magic-backend",
            "network": "https://www.googleapis.com/compute/v1/projects/heroic-grove-379322/global/networks/development",
            "priority": 1000,
            "project": "heroic-grove-379322",
            "self_link": "https://www.googleapis.com/compute/v1/projects/heroic-grove-379322/global/firewalls/magic-backend",
            "source_ranges": [
              "10.0.1.0/24"
            ],
            "source_service_accounts": [],
            "source_tags": [],
            "target_service_accounts": [],
            "target_tags": [
              "http-server"
            ],
            "timeouts": null
          },
          "sensitive_attributes": [],
          "private": "eyJlMmJmYjczMC1lY2FhLTExZTYtOGY4OC0zNDM2M2JjN2M0YzAiOnsiY3JlYXRlIjoxMjAwMDAwMDAwMDAwLCJkZWxldGUiOjEyMDAwMDAwMDAwMDAsInVwZGF0ZSI6MTIwMDAwMDAwMDAwMH0sInNjaGVtYV92ZXJzaW9uIjoiMSJ9",
          "dependencies": [
            "google_compute_network.development"
          ]
        }
      ]
    },
    {
      "mode": "managed",
      "type": "google_compute_forwarding_rule",
      "name": "magic-backend",
      "provider": "provider[\"registry.terraform.io/hashicorp/google-beta\"]",
      "instances": [
        {
          "schema_version": 0,
          "attributes": {
            "all_ports": false,
            "allow_global_access": false,
            "backend_service": "",
            "creation_timestamp": "2023-03-02T15:58:15.695-08:00",
            "description": "",
            "id": "projects/heroic-grove-379322/regions/us-central1/forwardingRules/magic-backend",
            "ip_address": "10.0.0.5",
            "ip_protocol": "TCP",
            "is_mirroring_collector": false,
            "label_fingerprint": "42WmSpB8rSM=",
            "labels": {},
            "load_balancing_scheme": "INTERNAL_MANAGED",
            "name": "magic-backend",
            "network": "projects/heroic-grove-379322/global/networks/development",
            "network_tier": "PREMIUM",
            "port_range": "80",
            "ports": [],
            "project": "heroic-grove-379322",
            "psc_connection_id": "",
            "psc_connection_status": "",
            "region": "us-central1",
            "self_link": "https://www.googleapis.com/compute/beta/projects/heroic-grove-379322/regions/us-central1/forwardingRules/magic-backend",
            "service_directory_registrations": [],
            "service_label": "",
            "service_name": "",
            "subnetwork": "projects/heroic-grove-379322/regions/us-central1/subnetworks/development",
            "target": "projects/heroic-grove-379322/regions/us-central1/targetHttpProxies/magic-backend",
            "timeouts": null
          },
          "sensitive_attributes": [],
          "private": "eyJlMmJmYjczMC1lY2FhLTExZTYtOGY4OC0zNDM2M2JjN2M0YzAiOnsiY3JlYXRlIjoxMjAwMDAwMDAwMDAwLCJkZWxldGUiOjEyMDAwMDAwMDAwMDAsInVwZGF0ZSI6MTIwMDAwMDAwMDAwMH19",
          "dependencies": [
            "google_compute_instance_template.magic-backend",
            "google_compute_network.development",
            "google_compute_region_backend_service.magic-backend",
            "google_compute_region_health_check.magic-backend",
            "google_compute_region_instance_group_manager.magic-backend",
            "google_compute_region_target_http_proxy.magic-backend",
            "google_compute_region_url_map.magic-backend",
            "google_compute_subnetwork.development",
            "google_compute_subnetwork.magic-backend"
          ]
        }
      ]
    },
    {
      "mode": "managed",
      "type": "google_compute_instance",
      "name": "test",
      "provider": "provider[\"registry.terraform.io/hashicorp/google-beta\"]",
      "instances": [
        {
          "schema_version": 6,
          "attributes": {
            "advanced_machine_features": [],
            "allow_stopping_for_update": null,
            "attached_disk": [],
            "boot_disk": [
              {
                "auto_delete": true,
                "device_name": "persistent-disk-0",
                "disk_encryption_key_raw": "",
                "disk_encryption_key_sha256": "",
                "initialize_params": [
                  {
                    "image": "https://www.googleapis.com/compute/beta/projects/ubuntu-os-cloud/global/images/ubuntu-minimal-2204-jammy-v20230228",
                    "labels": {},
                    "size": 10,
                    "type": "pd-standard"
                  }
                ],
                "kms_key_self_link": "",
                "mode": "READ_WRITE",
                "source": "https://www.googleapis.com/compute/v1/projects/heroic-grove-379322/zones/us-central1-c/disks/test"
              }
            ],
            "can_ip_forward": false,
            "confidential_instance_config": [],
            "cpu_platform": "Intel Haswell",
            "current_status": "RUNNING",
            "deletion_protection": false,
            "description": "",
            "desired_status": null,
            "enable_display": false,
            "guest_accelerator": [],
            "hostname": "",
            "id": "projects/heroic-grove-379322/zones/us-central1-c/instances/test",
            "instance_id": "8372666003652118831",
            "label_fingerprint": "42WmSpB8rSM=",
            "labels": {},
            "machine_type": "f1-micro",
            "metadata": {},
            "metadata_fingerprint": "Af7U9xsPGVU=",
            "metadata_startup_script": null,
            "min_cpu_platform": "",
            "name": "test",
            "network_interface": [
              {
                "access_config": [],
                "alias_ip_range": [],
                "ipv6_access_config": [],
                "ipv6_access_type": "",
                "name": "nic0",
                "network": "https://www.googleapis.com/compute/v1/projects/heroic-grove-379322/global/networks/development",
                "network_ip": "10.0.0.2",
                "nic_type": "",
                "queue_count": 0,
                "stack_type": "IPV4_ONLY",
                "subnetwork": "https://www.googleapis.com/compute/v1/projects/heroic-grove-379322/regions/us-central1/subnetworks/development",
                "subnetwork_project": "heroic-grove-379322"
              }
            ],
            "network_performance_config": [],
            "project": "heroic-grove-379322",
            "reservation_affinity": [],
            "resource_policies": [],
            "scheduling": [
              {
                "automatic_restart": true,
                "instance_termination_action": "",
                "max_run_duration": [],
                "min_node_cpus": 0,
                "node_affinities": [],
                "on_host_maintenance": "MIGRATE",
                "preemptible": false,
                "provisioning_model": "STANDARD"
              }
            ],
            "scratch_disk": [],
            "self_link": "https://www.googleapis.com/compute/v1/projects/heroic-grove-379322/zones/us-central1-c/instances/test",
            "service_account": [],
            "shielded_instance_config": [
              {
                "enable_integrity_monitoring": true,
                "enable_secure_boot": false,
                "enable_vtpm": true
              }
            ],
            "tags": [],
            "tags_fingerprint": "42WmSpB8rSM=",
            "timeouts": null,
            "zone": "us-central1-c"
          },
          "sensitive_attributes": [],
          "private": "eyJlMmJmYjczMC1lY2FhLTExZTYtOGY4OC0zNDM2M2JjN2M0YzAiOnsiY3JlYXRlIjoxMjAwMDAwMDAwMDAwLCJkZWxldGUiOjEyMDAwMDAwMDAwMDAsInVwZGF0ZSI6MTIwMDAwMDAwMDAwMH0sInNjaGVtYV92ZXJzaW9uIjoiNiJ9",
          "dependencies": [
            "google_compute_network.development",
            "google_compute_subnetwork.development"
          ]
        }
      ]
    },
    {
      "mode": "managed",
      "type": "google_compute_instance_template",
      "name": "magic-backend",
      "provider": "provider[\"registry.terraform.io/hashicorp/google-beta\"]",
      "instances": [
        {
          "schema_version": 1,
          "attributes": {
            "advanced_machine_features": [],
            "can_ip_forward": false,
            "confidential_instance_config": [],
            "description": "",
            "disk": [
              {
                "auto_delete": true,
                "boot": true,
                "device_name": "persistent-disk-0",
                "disk_encryption_key": [],
                "disk_name": "",
                "disk_size_gb": 0,
                "disk_type": "pd-standard",
                "interface": "SCSI",
                "labels": {},
                "mode": "READ_WRITE",
                "resource_policies": [],
                "source": "",
                "source_image": "projects/ubuntu-os-cloud/global/images/family/ubuntu-minimal-2204-lts",
                "source_image_encryption_key": [],
                "source_snapshot": "",
                "source_snapshot_encryption_key": [],
                "type": "PERSISTENT"
              }
            ],
            "enable_display": null,
            "guest_accelerator": [],
            "id": "projects/heroic-grove-379322/global/instanceTemplates/magic-backend",
            "instance_description": "",
            "labels": null,
            "machine_type": "f1-micro",
            "metadata": {
              "startup-script": "#!/bin/bash\ngsutil cp gs://network_next_dev_artifacts/bootstrap.sh bootstrap.sh\nchmod +x bootstrap.sh\nsudo ./bootstrap.sh -b gs://network_next_dev_artifacts -a magic_backend.dev.tar.gz\n"
            },
            "metadata_fingerprint": "pcBBVUx_Hkk=",
            "metadata_startup_script": null,
            "min_cpu_platform": "",
            "name": "magic-backend",
            "name_prefix": null,
            "network_interface": [
              {
                "access_config": [],
                "alias_ip_range": [],
                "ipv6_access_config": [],
                "ipv6_access_type": "",
                "name": "nic0",
                "network": "https://www.googleapis.com/compute/v1/projects/heroic-grove-379322/global/networks/development",
                "network_ip": "",
                "nic_type": "",
                "queue_count": 0,
                "stack_type": "",
                "subnetwork": "https://www.googleapis.com/compute/v1/projects/heroic-grove-379322/regions/us-central1/subnetworks/development",
                "subnetwork_project": "heroic-grove-379322"
              }
            ],
            "network_performance_config": [],
            "project": "heroic-grove-379322",
            "region": "us-central1",
            "reservation_affinity": [],
            "resource_policies": null,
            "scheduling": [
              {
                "automatic_restart": true,
                "instance_termination_action": "",
                "max_run_duration": [],
                "min_node_cpus": 0,
                "node_affinities": [],
                "on_host_maintenance": "MIGRATE",
                "preemptible": false,
                "provisioning_model": "STANDARD"
              }
            ],
            "self_link": "https://www.googleapis.com/compute/beta/projects/heroic-grove-379322/global/instanceTemplates/magic-backend",
            "service_account": [
              {
                "email": "465253190432-compute@developer.gserviceaccount.com",
                "scopes": [
                  "https://www.googleapis.com/auth/cloud-platform"
                ]
              }
            ],
            "shielded_instance_config": [],
            "tags": [
              "http-server"
            ],
            "tags_fingerprint": "",
            "timeouts": null
          },
          "sensitive_attributes": [],
          "private": "eyJlMmJmYjczMC1lY2FhLTExZTYtOGY4OC0zNDM2M2JjN2M0YzAiOnsiY3JlYXRlIjoyNDAwMDAwMDAwMDAsImRlbGV0ZSI6MjQwMDAwMDAwMDAwfSwic2NoZW1hX3ZlcnNpb24iOiIxIn0=",
          "dependencies": [
            "google_compute_network.development",
            "google_compute_subnetwork.development"
          ],
          "create_before_destroy": true
        }
      ]
    },
    {
      "mode": "managed",
      "type": "google_compute_network",
      "name": "development",
      "provider": "provider[\"registry.terraform.io/hashicorp/google-beta\"]",
      "instances": [
        {
          "schema_version": 0,
          "attributes": {
            "auto_create_subnetworks": false,
            "delete_default_routes_on_create": false,
            "description": "",
            "enable_ula_internal_ipv6": false,
            "gateway_ipv4": "",
            "id": "projects/heroic-grove-379322/global/networks/development",
            "internal_ipv6_range": "",
            "mtu": 0,
            "name": "development",
            "project": "heroic-grove-379322",
            "routing_mode": "REGIONAL",
            "self_link": "https://www.googleapis.com/compute/v1/projects/heroic-grove-379322/global/networks/development",
            "timeouts": null
          },
          "sensitive_attributes": [],
          "private": "eyJlMmJmYjczMC1lY2FhLTExZTYtOGY4OC0zNDM2M2JjN2M0YzAiOnsiY3JlYXRlIjoxMjAwMDAwMDAwMDAwLCJkZWxldGUiOjEyMDAwMDAwMDAwMDAsInVwZGF0ZSI6MTIwMDAwMDAwMDAwMH19",
          "create_before_destroy": true
        }
      ]
    },
    {
      "mode": "managed",
      "type": "google_compute_region_backend_service",
      "name": "magic-backend",
      "provider": "provider[\"registry.terraform.io/hashicorp/google-beta\"]",
      "instances": [
        {
          "schema_version": 1,
          "attributes": {
            "affinity_cookie_ttl_sec": 0,
            "backend": [
              {
                "balancing_mode": "UTILIZATION",
                "capacity_scaler": 1,
                "description": "",
                "failover": false,
                "group": "https://www.googleapis.com/compute/v1/projects/heroic-grove-379322/regions/us-central1/instanceGroups/magic-backend",
                "max_connections": 0,
                "max_connections_per_endpoint": 0,
                "max_connections_per_instance": 0,
                "max_rate": 0,
                "max_rate_per_endpoint": 0,
                "max_rate_per_instance": 0,
                "max_utilization": 0
              }
            ],
            "cdn_policy": [],
            "circuit_breakers": [],
            "connection_draining_timeout_sec": 0,
            "connection_tracking_policy": [],
            "consistent_hash": [],
            "creation_timestamp": "2023-03-02T15:57:21.825-08:00",
            "description": "",
            "enable_cdn": false,
            "failover_policy": [],
            "fingerprint": "yCkf3Gbnclc=",
            "health_checks": [
              "https://www.googleapis.com/compute/v1/projects/heroic-grove-379322/regions/us-central1/healthChecks/magic-backend"
            ],
            "iap": [],
            "id": "projects/heroic-grove-379322/regions/us-central1/backendServices/magic-backend",
            "load_balancing_scheme": "INTERNAL_MANAGED",
            "locality_lb_policy": "",
            "log_config": [],
            "name": "magic-backend",
            "network": "",
            "outlier_detection": [],
            "port_name": "http",
            "project": "heroic-grove-379322",
            "protocol": "HTTP",
            "region": "us-central1",
            "self_link": "https://www.googleapis.com/compute/v1/projects/heroic-grove-379322/regions/us-central1/backendServices/magic-backend",
            "session_affinity": "NONE",
            "subsetting": [],
            "timeout_sec": 10,
            "timeouts": null
          },
          "sensitive_attributes": [],
          "private": "eyJlMmJmYjczMC1lY2FhLTExZTYtOGY4OC0zNDM2M2JjN2M0YzAiOnsiY3JlYXRlIjoxMjAwMDAwMDAwMDAwLCJkZWxldGUiOjEyMDAwMDAwMDAwMDAsInVwZGF0ZSI6MTIwMDAwMDAwMDAwMH0sInNjaGVtYV92ZXJzaW9uIjoiMSJ9",
          "dependencies": [
            "google_compute_instance_template.magic-backend",
            "google_compute_network.development",
            "google_compute_region_health_check.magic-backend",
            "google_compute_region_instance_group_manager.magic-backend",
            "google_compute_subnetwork.development"
          ]
        }
      ]
    },
    {
      "mode": "managed",
      "type": "google_compute_region_health_check",
      "name": "magic-backend",
      "provider": "provider[\"registry.terraform.io/hashicorp/google-beta\"]",
      "instances": [
        {
          "schema_version": 0,
          "attributes": {
            "check_interval_sec": 5,
            "creation_timestamp": "2023-03-02T15:38:14.203-08:00",
            "description": "",
            "grpc_health_check": [],
            "healthy_threshold": 2,
            "http2_health_check": [],
            "http_health_check": [
              {
                "host": "",
                "port": 80,
                "port_name": "",
                "port_specification": "",
                "proxy_header": "NONE",
                "request_path": "/health",
                "response": ""
              }
            ],
            "https_health_check": [],
            "id": "projects/heroic-grove-379322/regions/us-central1/healthChecks/magic-backend",
            "log_config": [
              {
                "enable": false
              }
            ],
            "name": "magic-backend",
            "project": "heroic-grove-379322",
            "region": "us-central1",
            "self_link": "https://www.googleapis.com/compute/v1/projects/heroic-grove-379322/regions/us-central1/healthChecks/magic-backend",
            "ssl_health_check": [],
            "tcp_health_check": [],
            "timeout_sec": 5,
            "timeouts": null,
            "type": "HTTP",
            "unhealthy_threshold": 2
          },
          "sensitive_attributes": [],
          "private": "eyJlMmJmYjczMC1lY2FhLTExZTYtOGY4OC0zNDM2M2JjN2M0YzAiOnsiY3JlYXRlIjoxMjAwMDAwMDAwMDAwLCJkZWxldGUiOjEyMDAwMDAwMDAwMDAsInVwZGF0ZSI6MTIwMDAwMDAwMDAwMH19"
        }
      ]
    },
    {
      "mode": "managed",
      "type": "google_compute_region_instance_group_manager",
      "name": "magic-backend",
      "provider": "provider[\"registry.terraform.io/hashicorp/google-beta\"]",
      "instances": [
        {
          "schema_version": 0,
          "attributes": {
            "all_instances_config": [],
            "auto_healing_policies": [],
            "base_instance_name": "magic-backend",
            "description": "",
            "distribution_policy_target_shape": "EVEN",
            "distribution_policy_zones": [
              "us-central1-b",
              "us-central1-c",
              "us-central1-f"
            ],
            "fingerprint": "aP48BL2FFdI=",
            "id": "projects/heroic-grove-379322/regions/us-central1/instanceGroupManagers/magic-backend",
            "instance_group": "https://www.googleapis.com/compute/v1/projects/heroic-grove-379322/regions/us-central1/instanceGroups/magic-backend",
            "instance_lifecycle_policy": [
              {
                "force_update_on_repair": "NO"
              }
            ],
            "list_managed_instances_results": "PAGELESS",
            "name": "magic-backend",
            "named_port": [
              {
                "name": "http",
                "port": 80
              }
            ],
            "project": "heroic-grove-379322",
            "region": "us-central1",
            "self_link": "https://www.googleapis.com/compute/v1/projects/heroic-grove-379322/regions/us-central1/instanceGroupManagers/magic-backend",
            "stateful_disk": [],
            "stateful_external_ip": [],
            "stateful_internal_ip": [],
            "status": [
              {
                "all_instances_config": [
                  {
                    "effective": true
                  }
                ],
                "is_stable": true,
                "stateful": [
                  {
                    "has_stateful_config": false,
                    "per_instance_configs": [
                      {
                        "all_effective": true
                      }
                    ]
                  }
                ],
                "version_target": [
                  {
                    "is_reached": true
                  }
                ]
              }
            ],
            "target_pools": [],
            "target_size": 2,
            "timeouts": null,
            "update_policy": [
              {
                "instance_redistribution_type": "PROACTIVE",
                "max_surge_fixed": 3,
                "max_surge_percent": 0,
                "max_unavailable_fixed": 3,
                "max_unavailable_percent": 0,
                "min_ready_sec": 0,
                "minimal_action": "REPLACE",
                "most_disruptive_allowed_action": "",
                "replacement_method": "SUBSTITUTE",
                "type": "PROACTIVE"
              }
            ],
            "version": [
              {
                "instance_template": "https://www.googleapis.com/compute/v1/projects/heroic-grove-379322/global/instanceTemplates/magic-backend",
                "name": "primary",
                "target_size": []
              }
            ],
            "wait_for_instances": false,
            "wait_for_instances_status": "STABLE"
          },
          "sensitive_attributes": [],
          "private": "eyJlMmJmYjczMC1lY2FhLTExZTYtOGY4OC0zNDM2M2JjN2M0YzAiOnsiY3JlYXRlIjo5MDAwMDAwMDAwMDAsImRlbGV0ZSI6OTAwMDAwMDAwMDAwLCJ1cGRhdGUiOjkwMDAwMDAwMDAwMH19",
          "dependencies": [
            "google_compute_instance_template.magic-backend",
            "google_compute_network.development",
            "google_compute_subnetwork.development"
          ]
        }
      ]
    },
    {
      "mode": "managed",
      "type": "google_compute_region_target_http_proxy",
      "name": "magic-backend",
      "provider": "provider[\"registry.terraform.io/hashicorp/google-beta\"]",
      "instances": [
        {
          "schema_version": 0,
          "attributes": {
            "creation_timestamp": "2023-03-02T15:58:04.223-08:00",
            "description": "",
            "id": "projects/heroic-grove-379322/regions/us-central1/targetHttpProxies/magic-backend",
            "name": "magic-backend",
            "project": "heroic-grove-379322",
            "proxy_id": 8099326764446942947,
            "region": "us-central1",
            "self_link": "https://www.googleapis.com/compute/v1/projects/heroic-grove-379322/regions/us-central1/targetHttpProxies/magic-backend",
            "timeouts": null,
            "url_map": "https://www.googleapis.com/compute/v1/projects/heroic-grove-379322/regions/us-central1/urlMaps/magic-backend"
          },
          "sensitive_attributes": [],
          "private": "eyJlMmJmYjczMC1lY2FhLTExZTYtOGY4OC0zNDM2M2JjN2M0YzAiOnsiY3JlYXRlIjoxMjAwMDAwMDAwMDAwLCJkZWxldGUiOjEyMDAwMDAwMDAwMDAsInVwZGF0ZSI6MTIwMDAwMDAwMDAwMH19",
          "dependencies": [
            "google_compute_instance_template.magic-backend",
            "google_compute_network.development",
            "google_compute_region_backend_service.magic-backend",
            "google_compute_region_health_check.magic-backend",
            "google_compute_region_instance_group_manager.magic-backend",
            "google_compute_region_url_map.magic-backend",
            "google_compute_subnetwork.development"
          ]
        }
      ]
    },
    {
      "mode": "managed",
      "type": "google_compute_region_url_map",
      "name": "magic-backend",
      "provider": "provider[\"registry.terraform.io/hashicorp/google-beta\"]",
      "instances": [
        {
          "schema_version": 0,
          "attributes": {
            "creation_timestamp": "2023-03-02T15:57:53.150-08:00",
            "default_route_action": [],
            "default_service": "https://www.googleapis.com/compute/v1/projects/heroic-grove-379322/regions/us-central1/backendServices/magic-backend",
            "default_url_redirect": [],
            "description": "",
            "fingerprint": "37vVBgeWR1g=",
            "host_rule": [],
            "id": "projects/heroic-grove-379322/regions/us-central1/urlMaps/magic-backend",
            "map_id": 6412103395413100270,
            "name": "magic-backend",
            "path_matcher": [],
            "project": "heroic-grove-379322",
            "region": "us-central1",
            "self_link": "https://www.googleapis.com/compute/v1/projects/heroic-grove-379322/regions/us-central1/urlMaps/magic-backend",
            "test": [],
            "timeouts": null
          },
          "sensitive_attributes": [],
          "private": "eyJlMmJmYjczMC1lY2FhLTExZTYtOGY4OC0zNDM2M2JjN2M0YzAiOnsiY3JlYXRlIjoxMjAwMDAwMDAwMDAwLCJkZWxldGUiOjEyMDAwMDAwMDAwMDAsInVwZGF0ZSI6MTIwMDAwMDAwMDAwMH19",
          "dependencies": [
            "google_compute_instance_template.magic-backend",
            "google_compute_network.development",
            "google_compute_region_backend_service.magic-backend",
            "google_compute_region_health_check.magic-backend",
            "google_compute_region_instance_group_manager.magic-backend",
            "google_compute_subnetwork.development"
          ]
        }
      ]
    },
    {
      "mode": "managed",
      "type": "google_compute_subnetwork",
      "name": "development",
      "provider": "provider[\"registry.terraform.io/hashicorp/google-beta\"]",
      "instances": [
        {
          "schema_version": 0,
          "attributes": {
            "creation_timestamp": "2023-03-02T15:38:25.791-08:00",
            "description": "",
            "external_ipv6_prefix": "",
            "fingerprint": null,
            "gateway_address": "10.0.0.1",
            "id": "projects/heroic-grove-379322/regions/us-central1/subnetworks/development",
            "ip_cidr_range": "10.0.0.0/24",
            "ipv6_access_type": "",
            "ipv6_cidr_range": "",
            "log_config": [],
            "name": "development",
            "network": "https://www.googleapis.com/compute/v1/projects/heroic-grove-379322/global/networks/development",
            "private_ip_google_access": true,
            "private_ipv6_google_access": "DISABLE_GOOGLE_ACCESS",
            "project": "heroic-grove-379322",
            "purpose": "PRIVATE",
            "region": "us-central1",
            "role": "",
            "secondary_ip_range": [],
            "self_link": "https://www.googleapis.com/compute/v1/projects/heroic-grove-379322/regions/us-central1/subnetworks/development",
            "stack_type": "IPV4_ONLY",
            "timeouts": null
          },
          "sensitive_attributes": [],
          "private": "eyJlMmJmYjczMC1lY2FhLTExZTYtOGY4OC0zNDM2M2JjN2M0YzAiOnsiY3JlYXRlIjoxMjAwMDAwMDAwMDAwLCJkZWxldGUiOjEyMDAwMDAwMDAwMDAsInVwZGF0ZSI6MTIwMDAwMDAwMDAwMH19",
          "dependencies": [
            "google_compute_network.development"
          ],
          "create_before_destroy": true
        }
      ]
    },
    {
      "mode": "managed",
      "type": "google_compute_subnetwork",
      "name": "magic-backend",
      "provider": "provider[\"registry.terraform.io/hashicorp/google-beta\"]",
      "instances": [
        {
          "schema_version": 0,
          "attributes": {
            "creation_timestamp": "2023-03-02T15:38:25.613-08:00",
            "description": "",
            "external_ipv6_prefix": "",
            "fingerprint": null,
            "gateway_address": "10.0.1.1",
            "id": "projects/heroic-grove-379322/regions/us-central1/subnetworks/magic-backend",
            "ip_cidr_range": "10.0.1.0/24",
            "ipv6_access_type": "",
            "ipv6_cidr_range": "",
            "log_config": [],
            "name": "magic-backend",
            "network": "https://www.googleapis.com/compute/v1/projects/heroic-grove-379322/global/networks/development",
            "private_ip_google_access": false,
            "private_ipv6_google_access": "DISABLE_GOOGLE_ACCESS",
            "project": "heroic-grove-379322",
            "purpose": "INTERNAL_HTTPS_LOAD_BALANCER",
            "region": "us-central1",
            "role": "ACTIVE",
            "secondary_ip_range": [],
            "self_link": "https://www.googleapis.com/compute/v1/projects/heroic-grove-379322/regions/us-central1/subnetworks/magic-backend",
            "stack_type": "",
            "timeouts": null
          },
          "sensitive_attributes": [],
          "private": "eyJlMmJmYjczMC1lY2FhLTExZTYtOGY4OC0zNDM2M2JjN2M0YzAiOnsiY3JlYXRlIjoxMjAwMDAwMDAwMDAwLCJkZWxldGUiOjEyMDAwMDAwMDAwMDAsInVwZGF0ZSI6MTIwMDAwMDAwMDAwMH19",
          "dependencies": [
            "google_compute_network.development"
          ]
        }
      ]
    }
  ],
  "check_results": null
}
